
Microsoft Visual Studio Solution File, Format Version 12.00
# Visual Studio 15
VisualStudioVersion = 15.0.28010.2016
MinimumVisualStudioVersion = 10.0.40219.1
Project("{2150E333-8FDC-42A3-9474-1A3956D46DE8}") = "UI", "UI", "{0511BC8F-9926-4FF6-942F-7F38AD367A26}"
EndProject
Project("{FAE04EC0-301F-11D3-BF4B-00C04F79EFBC}") = "SPEditor", "UI\SPEditor\SPEditor.csproj", "{0402D5B9-25D4-464D-A172-0219A203742E}"
EndProject
Project("{2150E333-8FDC-42A3-9474-1A3956D46DE8}") = "Base", "Base", "{14A9F487-E915-4B0B-B545-0CCB44C8AD0E}"
EndProject
Project("{9A19103F-16F7-4668-BE54-9A1E7A4F7556}") = "SPEditor.Core", "UI\SPEditor.Core\SPEditor.Core.csproj", "{5303C8B6-4F72-4403-B863-52721EF7E053}"
EndProject
Project("{9A19103F-16F7-4668-BE54-9A1E7A4F7556}") = "Actors", "Base\Actors\Actors.csproj", "{B03E8F21-E1BD-4AB3-BF37-8BF7ADEF340E}"
EndProject
Project("{9A19103F-16F7-4668-BE54-9A1E7A4F7556}") = "DataAccess", "Base\DataAccess\DataAccess.csproj", "{B9032EC6-F580-4DD5-98E5-0D5DBB15A9A3}"
EndProject
Project("{9A19103F-16F7-4668-BE54-9A1E7A4F7556}") = "Components", "Base\Components\Components.csproj", "{9C6D583F-2D25-486C-BA1D-D82E533C21D7}"
EndProject
Project("{2150E333-8FDC-42A3-9474-1A3956D46DE8}") = "Tools", "Tools", "{B88F2D8F-FFEB-4BB5-9985-CE8B4079F949}"
EndProject
Project("{2150E333-8FDC-42A3-9474-1A3956D46DE8}") = "Tests", "Tests", "{739D20D7-625D-4B6B-BE34-DD2AD542E2E6}"
EndProject
Project("{FAE04EC0-301F-11D3-BF4B-00C04F79EFBC}") = "SuperPowerEditorSandbox", "Tests\SuperPowerEditorSandbox\SuperPowerEditorSandbox.csproj", "{4D2E977A-14FC-4088-B67D-D1DA03D022F4}"
EndProject
Global
	GlobalSection(SolutionConfigurationPlatforms) = preSolution
		Debug|Any CPU = Debug|Any CPU
		Release|Any CPU = Release|Any CPU
	EndGlobalSection
	GlobalSection(ProjectConfigurationPlatforms) = postSolution
		{0402D5B9-25D4-464D-A172-0219A203742E}.Debug|Any CPU.ActiveCfg = Debug|Any CPU
		{0402D5B9-25D4-464D-A172-0219A203742E}.Debug|Any CPU.Build.0 = Debug|Any CPU
		{0402D5B9-25D4-464D-A172-0219A203742E}.Release|Any CPU.ActiveCfg = Release|Any CPU
		{0402D5B9-25D4-464D-A172-0219A203742E}.Release|Any CPU.Build.0 = Release|Any CPU
		{5303C8B6-4F72-4403-B863-52721EF7E053}.Debug|Any CPU.ActiveCfg = Debug|Any CPU
		{5303C8B6-4F72-4403-B863-52721EF7E053}.Debug|Any CPU.Build.0 = Debug|Any CPU
		{5303C8B6-4F72-4403-B863-52721EF7E053}.Release|Any CPU.ActiveCfg = Release|Any CPU
		{5303C8B6-4F72-4403-B863-52721EF7E053}.Release|Any CPU.Build.0 = Release|Any CPU
		{B03E8F21-E1BD-4AB3-BF37-8BF7ADEF340E}.Debug|Any CPU.ActiveCfg = Debug|Any CPU
		{B03E8F21-E1BD-4AB3-BF37-8BF7ADEF340E}.Debug|Any CPU.Build.0 = Debug|Any CPU
		{B03E8F21-E1BD-4AB3-BF37-8BF7ADEF340E}.Release|Any CPU.ActiveCfg = Release|Any CPU
		{B03E8F21-E1BD-4AB3-BF37-8BF7ADEF340E}.Release|Any CPU.Build.0 = Release|Any CPU
		{B9032EC6-F580-4DD5-98E5-0D5DBB15A9A3}.Debug|Any CPU.ActiveCfg = Debug|Any CPU
		{B9032EC6-F580-4DD5-98E5-0D5DBB15A9A3}.Debug|Any CPU.Build.0 = Debug|Any CPU
		{B9032EC6-F580-4DD5-98E5-0D5DBB15A9A3}.Release|Any CPU.ActiveCfg = Release|Any CPU
		{B9032EC6-F580-4DD5-98E5-0D5DBB15A9A3}.Release|Any CPU.Build.0 = Release|Any CPU
		{9C6D583F-2D25-486C-BA1D-D82E533C21D7}.Debug|Any CPU.ActiveCfg = Debug|Any CPU
		{9C6D583F-2D25-486C-BA1D-D82E533C21D7}.Debug|Any CPU.Build.0 = Debug|Any CPU
		{9C6D583F-2D25-486C-BA1D-D82E533C21D7}.Release|Any CPU.ActiveCfg = Release|Any CPU
		{9C6D583F-2D25-486C-BA1D-D82E533C21D7}.Release|Any CPU.Build.0 = Release|Any CPU
		{4D2E977A-14FC-4088-B67D-D1DA03D022F4}.Debug|Any CPU.ActiveCfg = Debug|Any CPU
		{4D2E977A-14FC-4088-B67D-D1DA03D022F4}.Debug|Any CPU.Build.0 = Debug|Any CPU
		{4D2E977A-14FC-4088-B67D-D1DA03D022F4}.Release|Any CPU.ActiveCfg = Release|Any CPU
		{4D2E977A-14FC-4088-B67D-D1DA03D022F4}.Release|Any CPU.Build.0 = Release|Any CPU
	EndGlobalSection
	GlobalSection(SolutionProperties) = preSolution
		HideSolutionNode = FALSE
	EndGlobalSection
	GlobalSection(NestedProjects) = preSolution
		{0402D5B9-25D4-464D-A172-0219A203742E} = {0511BC8F-9926-4FF6-942F-7F38AD367A26}
		{5303C8B6-4F72-4403-B863-52721EF7E053} = {0511BC8F-9926-4FF6-942F-7F38AD367A26}
		{B03E8F21-E1BD-4AB3-BF37-8BF7ADEF340E} = {14A9F487-E915-4B0B-B545-0CCB44C8AD0E}
		{B9032EC6-F580-4DD5-98E5-0D5DBB15A9A3} = {14A9F487-E915-4B0B-B545-0CCB44C8AD0E}
		{9C6D583F-2D25-486C-BA1D-D82E533C21D7} = {14A9F487-E915-4B0B-B545-0CCB44C8AD0E}
		{4D2E977A-14FC-4088-B67D-D1DA03D022F4} = {739D20D7-625D-4B6B-BE34-DD2AD542E2E6}
	EndGlobalSection
	GlobalSection(ExtensibilityGlobals) = postSolution
		SolutionGuid = {84EB9C75-FFCA-4AF2-AC55-F326618ED29B}
	EndGlobalSection
EndGlobal
